
Microsoft Visual Studio Solution File, Format Version 12.00
# Visual Studio Version 17
VisualStudioVersion = 17.6.33723.286
MinimumVisualStudioVersion = 10.0.40219.1
Project("{FAE04EC0-301F-11D3-BF4B-00C04F79EFBC}") = "Practika", "Practika.csproj", "{F361E415-B343-4513-A587-2E9D09AF187F}"
EndProject
Global
	GlobalSection(SolutionConfigurationPlatforms) = preSolution
		Debug|Any CPU = Debug|Any CPU
		Release|Any CPU = Release|Any CPU
	EndGlobalSection
	GlobalSection(ProjectConfigurationPlatforms) = postSolution
		{F361E415-B343-4513-A587-2E9D09AF187F}.Debug|Any CPU.ActiveCfg = Debug|Any CPU
		{F361E415-B343-4513-A587-2E9D09AF187F}.Debug|Any CPU.Build.0 = Debug|Any CPU
		{F361E415-B343-4513-A587-2E9D09AF187F}.Release|Any CPU.ActiveCfg = Release|Any CPU
		{F361E415-B343-4513-A587-2E9D09AF187F}.Release|Any CPU.Build.0 = Release|Any CPU
	EndGlobalSection
	GlobalSection(SolutionProperties) = preSolution
		HideSolutionNode = FALSE
	EndGlobalSection
	GlobalSection(ExtensibilityGlobals) = postSolution
		SolutionGuid = {6992685B-B0F7-4E9F-9297-CE639F3A4468}
	EndGlobalSection
EndGlobal
